
Microsoft Visual Studio Solution File, Format Version 12.00
# Visual Studio 15
VisualStudioVersion = 15.0.28307.705
MinimumVisualStudioVersion = 10.0.40219.1
Project("{FAE04EC0-301F-11D3-BF4B-00C04F79EFBC}") = "BusinessRule", "BusinessRule\BusinessRule.csproj", "{44544561-75C3-4051-9828-CFDFB48A0316}"
EndProject
Project("{FAE04EC0-301F-11D3-BF4B-00C04F79EFBC}") = "BusinessRule.Test", "BusinessRule.Test\BusinessRule.Test.csproj", "{9D47802C-FCC9-454C-80F0-32EDBA715533}"
EndProject
Global
	GlobalSection(SolutionConfigurationPlatforms) = preSolution
		Debug|Any CPU = Debug|Any CPU
		Release|Any CPU = Release|Any CPU
	EndGlobalSection
	GlobalSection(ProjectConfigurationPlatforms) = postSolution
		{44544561-75C3-4051-9828-CFDFB48A0316}.Debug|Any CPU.ActiveCfg = Debug|Any CPU
		{44544561-75C3-4051-9828-CFDFB48A0316}.Debug|Any CPU.Build.0 = Debug|Any CPU
		{44544561-75C3-4051-9828-CFDFB48A0316}.Release|Any CPU.ActiveCfg = Release|Any CPU
		{44544561-75C3-4051-9828-CFDFB48A0316}.Release|Any CPU.Build.0 = Release|Any CPU
		{9D47802C-FCC9-454C-80F0-32EDBA715533}.Debug|Any CPU.ActiveCfg = Debug|Any CPU
		{9D47802C-FCC9-454C-80F0-32EDBA715533}.Debug|Any CPU.Build.0 = Debug|Any CPU
		{9D47802C-FCC9-454C-80F0-32EDBA715533}.Release|Any CPU.ActiveCfg = Release|Any CPU
		{9D47802C-FCC9-454C-80F0-32EDBA715533}.Release|Any CPU.Build.0 = Release|Any CPU
	EndGlobalSection
	GlobalSection(SolutionProperties) = preSolution
		HideSolutionNode = FALSE
	EndGlobalSection
	GlobalSection(ExtensibilityGlobals) = postSolution
		SolutionGuid = {55C4E92B-F438-4ED2-8C85-F202260F1DCC}
	EndGlobalSection
EndGlobal
